
Microsoft Visual Studio Solution File, Format Version 12.00
# Visual Studio Version 17
VisualStudioVersion = 17.3.32811.315
MinimumVisualStudioVersion = 10.0.40219.1
Project("{9A19103F-16F7-4668-BE54-9A1E7A4F7556}") = "yakov.Lab1", "yakov.Lab1\yakov.Lab1.csproj", "{393E61D7-1235-4CD4-9ADB-4F164DC3675A}"
EndProject
Project("{9A19103F-16F7-4668-BE54-9A1E7A4F7556}") = "yakov.ThreadPool", "yakov.ThreadPool\yakov.ThreadPool.csproj", "{24925A22-B695-4230-82C9-503DED4AD99A}"
EndProject
Project("{2150E333-8FDC-42A3-9474-1A3956D46DE8}") = "Lab2", "Lab2", "{3CB9144E-D613-4090-A06A-390717EF0872}"
EndProject
Project("{9A19103F-16F7-4668-BE54-9A1E7A4F7556}") = "yakov.Lab2", "yakov.Lab2\yakov.Lab2.csproj", "{4ACF57FD-C9CD-4D84-A79B-395916CCF3A5}"
EndProject
Project("{2150E333-8FDC-42A3-9474-1A3956D46DE8}") = "Lab1", "Lab1", "{5C70D4A0-7C22-4271-AB63-20C09F3E4B32}"
EndProject
Project("{2150E333-8FDC-42A3-9474-1A3956D46DE8}") = "Lab3", "Lab3", "{A8AA3956-0A72-45CC-8865-59C0A12AB728}"
EndProject
Project("{9A19103F-16F7-4668-BE54-9A1E7A4F7556}") = "yakov.Lab3", "yakov.Lab3\yakov.Lab3.csproj", "{95B1F8B8-607A-4A36-A7BA-CAA731B86F3F}"
EndProject
Project("{9A19103F-16F7-4668-BE54-9A1E7A4F7556}") = "yakov.AssemblyControl", "yakov.AssemblyControl\yakov.AssemblyControl.csproj", "{855B1BFB-1189-40C8-A563-90AAB3B9F4DF}"
EndProject
Project("{9A19103F-16F7-4668-BE54-9A1E7A4F7556}") = "yakov.Logger", "yakov.Logger\yakov.Logger.csproj", "{E89EDD9D-F22E-49D5-9FB4-76A4FFDC5856}"
EndProject
Project("{2150E333-8FDC-42A3-9474-1A3956D46DE8}") = "Lab4", "Lab4", "{28E1DB86-04D6-4E8C-8189-6FBA89E0F125}"
EndProject
Project("{2150E333-8FDC-42A3-9474-1A3956D46DE8}") = "Lab5", "Lab5", "{2D83B64A-2341-419D-8AB4-34FBEFDA2D93}"
EndProject
Project("{9A19103F-16F7-4668-BE54-9A1E7A4F7556}") = "yakov.Lab4", "yakov.Lab4\yakov.Lab4.csproj", "{80147002-7CD6-4F2D-B885-73B4F3422538}"
EndProject
Project("{9A19103F-16F7-4668-BE54-9A1E7A4F7556}") = "yakov.Lab2Test", "yakov.Lab2Test\yakov.Lab2Test.csproj", "{6517BEAB-9043-4C29-B51F-872B58EE93D2}"
EndProject
Project("{FAE04EC0-301F-11D3-BF4B-00C04F79EFBC}") = "yakov.Lab5", "yakov.Lab5\yakov.Lab5.csproj", "{1C73885D-7DBF-4EBA-AD49-3746C5DBE0F9}"
EndProject
Global
	GlobalSection(SolutionConfigurationPlatforms) = preSolution
		Debug|Any CPU = Debug|Any CPU
		Release|Any CPU = Release|Any CPU
	EndGlobalSection
	GlobalSection(ProjectConfigurationPlatforms) = postSolution
		{393E61D7-1235-4CD4-9ADB-4F164DC3675A}.Debug|Any CPU.ActiveCfg = Debug|Any CPU
		{393E61D7-1235-4CD4-9ADB-4F164DC3675A}.Debug|Any CPU.Build.0 = Debug|Any CPU
		{393E61D7-1235-4CD4-9ADB-4F164DC3675A}.Release|Any CPU.ActiveCfg = Release|Any CPU
		{393E61D7-1235-4CD4-9ADB-4F164DC3675A}.Release|Any CPU.Build.0 = Release|Any CPU
		{24925A22-B695-4230-82C9-503DED4AD99A}.Debug|Any CPU.ActiveCfg = Debug|Any CPU
		{24925A22-B695-4230-82C9-503DED4AD99A}.Debug|Any CPU.Build.0 = Debug|Any CPU
		{24925A22-B695-4230-82C9-503DED4AD99A}.Release|Any CPU.ActiveCfg = Release|Any CPU
		{24925A22-B695-4230-82C9-503DED4AD99A}.Release|Any CPU.Build.0 = Release|Any CPU
		{4ACF57FD-C9CD-4D84-A79B-395916CCF3A5}.Debug|Any CPU.ActiveCfg = Debug|Any CPU
		{4ACF57FD-C9CD-4D84-A79B-395916CCF3A5}.Debug|Any CPU.Build.0 = Debug|Any CPU
		{4ACF57FD-C9CD-4D84-A79B-395916CCF3A5}.Release|Any CPU.ActiveCfg = Release|Any CPU
		{4ACF57FD-C9CD-4D84-A79B-395916CCF3A5}.Release|Any CPU.Build.0 = Release|Any CPU
		{95B1F8B8-607A-4A36-A7BA-CAA731B86F3F}.Debug|Any CPU.ActiveCfg = Debug|Any CPU
		{95B1F8B8-607A-4A36-A7BA-CAA731B86F3F}.Debug|Any CPU.Build.0 = Debug|Any CPU
		{95B1F8B8-607A-4A36-A7BA-CAA731B86F3F}.Release|Any CPU.ActiveCfg = Release|Any CPU
		{95B1F8B8-607A-4A36-A7BA-CAA731B86F3F}.Release|Any CPU.Build.0 = Release|Any CPU
		{855B1BFB-1189-40C8-A563-90AAB3B9F4DF}.Debug|Any CPU.ActiveCfg = Debug|Any CPU
		{855B1BFB-1189-40C8-A563-90AAB3B9F4DF}.Debug|Any CPU.Build.0 = Debug|Any CPU
		{855B1BFB-1189-40C8-A563-90AAB3B9F4DF}.Release|Any CPU.ActiveCfg = Release|Any CPU
		{855B1BFB-1189-40C8-A563-90AAB3B9F4DF}.Release|Any CPU.Build.0 = Release|Any CPU
		{E89EDD9D-F22E-49D5-9FB4-76A4FFDC5856}.Debug|Any CPU.ActiveCfg = Debug|Any CPU
		{E89EDD9D-F22E-49D5-9FB4-76A4FFDC5856}.Debug|Any CPU.Build.0 = Debug|Any CPU
		{E89EDD9D-F22E-49D5-9FB4-76A4FFDC5856}.Release|Any CPU.ActiveCfg = Release|Any CPU
		{E89EDD9D-F22E-49D5-9FB4-76A4FFDC5856}.Release|Any CPU.Build.0 = Release|Any CPU
		{80147002-7CD6-4F2D-B885-73B4F3422538}.Debug|Any CPU.ActiveCfg = Debug|Any CPU
		{80147002-7CD6-4F2D-B885-73B4F3422538}.Debug|Any CPU.Build.0 = Debug|Any CPU
		{80147002-7CD6-4F2D-B885-73B4F3422538}.Release|Any CPU.ActiveCfg = Release|Any CPU
		{80147002-7CD6-4F2D-B885-73B4F3422538}.Release|Any CPU.Build.0 = Release|Any CPU
		{6517BEAB-9043-4C29-B51F-872B58EE93D2}.Debug|Any CPU.ActiveCfg = Debug|Any CPU
		{6517BEAB-9043-4C29-B51F-872B58EE93D2}.Debug|Any CPU.Build.0 = Debug|Any CPU
		{6517BEAB-9043-4C29-B51F-872B58EE93D2}.Release|Any CPU.ActiveCfg = Release|Any CPU
		{6517BEAB-9043-4C29-B51F-872B58EE93D2}.Release|Any CPU.Build.0 = Release|Any CPU
		{1C73885D-7DBF-4EBA-AD49-3746C5DBE0F9}.Debug|Any CPU.ActiveCfg = Debug|Any CPU
		{1C73885D-7DBF-4EBA-AD49-3746C5DBE0F9}.Debug|Any CPU.Build.0 = Debug|Any CPU
		{1C73885D-7DBF-4EBA-AD49-3746C5DBE0F9}.Release|Any CPU.ActiveCfg = Release|Any CPU
		{1C73885D-7DBF-4EBA-AD49-3746C5DBE0F9}.Release|Any CPU.Build.0 = Release|Any CPU
	EndGlobalSection
	GlobalSection(SolutionProperties) = preSolution
		HideSolutionNode = FALSE
	EndGlobalSection
	GlobalSection(NestedProjects) = preSolution
		{393E61D7-1235-4CD4-9ADB-4F164DC3675A} = {5C70D4A0-7C22-4271-AB63-20C09F3E4B32}
		{24925A22-B695-4230-82C9-503DED4AD99A} = {5C70D4A0-7C22-4271-AB63-20C09F3E4B32}
		{4ACF57FD-C9CD-4D84-A79B-395916CCF3A5} = {3CB9144E-D613-4090-A06A-390717EF0872}
		{95B1F8B8-607A-4A36-A7BA-CAA731B86F3F} = {A8AA3956-0A72-45CC-8865-59C0A12AB728}
		{855B1BFB-1189-40C8-A563-90AAB3B9F4DF} = {A8AA3956-0A72-45CC-8865-59C0A12AB728}
		{E89EDD9D-F22E-49D5-9FB4-76A4FFDC5856} = {A8AA3956-0A72-45CC-8865-59C0A12AB728}
		{80147002-7CD6-4F2D-B885-73B4F3422538} = {28E1DB86-04D6-4E8C-8189-6FBA89E0F125}
		{6517BEAB-9043-4C29-B51F-872B58EE93D2} = {3CB9144E-D613-4090-A06A-390717EF0872}
		{1C73885D-7DBF-4EBA-AD49-3746C5DBE0F9} = {2D83B64A-2341-419D-8AB4-34FBEFDA2D93}
	EndGlobalSection
	GlobalSection(ExtensibilityGlobals) = postSolution
		SolutionGuid = {551CD600-F385-447F-A4EA-93E176A0ED80}
	EndGlobalSection
EndGlobal
